
Microsoft Visual Studio Solution File, Format Version 12.00
# Visual Studio Version 17
VisualStudioVersion = 17.3.32825.248
MinimumVisualStudioVersion = 10.0.40219.1
Project("{FAE04EC0-301F-11D3-BF4B-00C04F79EFBC}") = "Zavrsni_RDMA_Matejcic_Ivan.Android", "Zavrsni_RDMA_Matejcic_Ivan\Zavrsni_RDMA_Matejcic_Ivan.Android\Zavrsni_RDMA_Matejcic_Ivan.Android.csproj", "{469C482E-4125-48EC-B3A4-177713408B06}"
EndProject
Project("{FAE04EC0-301F-11D3-BF4B-00C04F79EFBC}") = "Zavrsni_RDMA_Matejcic_Ivan.iOS", "Zavrsni_RDMA_Matejcic_Ivan\Zavrsni_RDMA_Matejcic_Ivan.iOS\Zavrsni_RDMA_Matejcic_Ivan.iOS.csproj", "{6D08A5A4-EB6F-4CA8-B332-B72DA6EF05B3}"
EndProject
Project("{9A19103F-16F7-4668-BE54-9A1E7A4F7556}") = "Zavrsni_RDMA_Matejcic_Ivan", "Zavrsni_RDMA_Matejcic_Ivan\Zavrsni_RDMA_Matejcic_Ivan\Zavrsni_RDMA_Matejcic_Ivan.csproj", "{B107E7FB-AB10-452D-84AA-9B0D0FF98600}"
EndProject
Global
	GlobalSection(SolutionConfigurationPlatforms) = preSolution
		Debug|Any CPU = Debug|Any CPU
		Debug|iPhone = Debug|iPhone
		Debug|iPhoneSimulator = Debug|iPhoneSimulator
		Release|Any CPU = Release|Any CPU
		Release|iPhone = Release|iPhone
		Release|iPhoneSimulator = Release|iPhoneSimulator
	EndGlobalSection
	GlobalSection(ProjectConfigurationPlatforms) = postSolution
		{469C482E-4125-48EC-B3A4-177713408B06}.Debug|Any CPU.ActiveCfg = Debug|Any CPU
		{469C482E-4125-48EC-B3A4-177713408B06}.Debug|Any CPU.Build.0 = Debug|Any CPU
		{469C482E-4125-48EC-B3A4-177713408B06}.Debug|Any CPU.Deploy.0 = Debug|Any CPU
		{469C482E-4125-48EC-B3A4-177713408B06}.Debug|iPhone.ActiveCfg = Debug|Any CPU
		{469C482E-4125-48EC-B3A4-177713408B06}.Debug|iPhone.Build.0 = Debug|Any CPU
		{469C482E-4125-48EC-B3A4-177713408B06}.Debug|iPhone.Deploy.0 = Debug|Any CPU
		{469C482E-4125-48EC-B3A4-177713408B06}.Debug|iPhoneSimulator.ActiveCfg = Debug|Any CPU
		{469C482E-4125-48EC-B3A4-177713408B06}.Debug|iPhoneSimulator.Build.0 = Debug|Any CPU
		{469C482E-4125-48EC-B3A4-177713408B06}.Debug|iPhoneSimulator.Deploy.0 = Debug|Any CPU
		{469C482E-4125-48EC-B3A4-177713408B06}.Release|Any CPU.ActiveCfg = Release|Any CPU
		{469C482E-4125-48EC-B3A4-177713408B06}.Release|Any CPU.Build.0 = Release|Any CPU
		{469C482E-4125-48EC-B3A4-177713408B06}.Release|Any CPU.Deploy.0 = Release|Any CPU
		{469C482E-4125-48EC-B3A4-177713408B06}.Release|iPhone.ActiveCfg = Release|Any CPU
		{469C482E-4125-48EC-B3A4-177713408B06}.Release|iPhone.Build.0 = Release|Any CPU
		{469C482E-4125-48EC-B3A4-177713408B06}.Release|iPhone.Deploy.0 = Release|Any CPU
		{469C482E-4125-48EC-B3A4-177713408B06}.Release|iPhoneSimulator.ActiveCfg = Release|Any CPU
		{469C482E-4125-48EC-B3A4-177713408B06}.Release|iPhoneSimulator.Build.0 = Release|Any CPU
		{469C482E-4125-48EC-B3A4-177713408B06}.Release|iPhoneSimulator.Deploy.0 = Release|Any CPU
		{6D08A5A4-EB6F-4CA8-B332-B72DA6EF05B3}.Debug|Any CPU.ActiveCfg = Debug|iPhone
		{6D08A5A4-EB6F-4CA8-B332-B72DA6EF05B3}.Debug|Any CPU.Build.0 = Debug|iPhone
		{6D08A5A4-EB6F-4CA8-B332-B72DA6EF05B3}.Debug|Any CPU.Deploy.0 = Debug|iPhone
		{6D08A5A4-EB6F-4CA8-B332-B72DA6EF05B3}.Debug|iPhone.ActiveCfg = Debug|iPhone
		{6D08A5A4-EB6F-4CA8-B332-B72DA6EF05B3}.Debug|iPhone.Build.0 = Debug|iPhone
		{6D08A5A4-EB6F-4CA8-B332-B72DA6EF05B3}.Debug|iPhone.Deploy.0 = Debug|iPhone
		{6D08A5A4-EB6F-4CA8-B332-B72DA6EF05B3}.Debug|iPhoneSimulator.ActiveCfg = Debug|iPhoneSimulator
		{6D08A5A4-EB6F-4CA8-B332-B72DA6EF05B3}.Debug|iPhoneSimulator.Build.0 = Debug|iPhoneSimulator
		{6D08A5A4-EB6F-4CA8-B332-B72DA6EF05B3}.Debug|iPhoneSimulator.Deploy.0 = Debug|iPhoneSimulator
		{6D08A5A4-EB6F-4CA8-B332-B72DA6EF05B3}.Release|Any CPU.ActiveCfg = Release|iPhoneSimulator
		{6D08A5A4-EB6F-4CA8-B332-B72DA6EF05B3}.Release|Any CPU.Build.0 = Release|iPhoneSimulator
		{6D08A5A4-EB6F-4CA8-B332-B72DA6EF05B3}.Release|Any CPU.Deploy.0 = Release|iPhoneSimulator
		{6D08A5A4-EB6F-4CA8-B332-B72DA6EF05B3}.Release|iPhone.ActiveCfg = Release|iPhone
		{6D08A5A4-EB6F-4CA8-B332-B72DA6EF05B3}.Release|iPhone.Build.0 = Release|iPhone
		{6D08A5A4-EB6F-4CA8-B332-B72DA6EF05B3}.Release|iPhone.Deploy.0 = Release|iPhone
		{6D08A5A4-EB6F-4CA8-B332-B72DA6EF05B3}.Release|iPhoneSimulator.ActiveCfg = Release|iPhoneSimulator
		{6D08A5A4-EB6F-4CA8-B332-B72DA6EF05B3}.Release|iPhoneSimulator.Build.0 = Release|iPhoneSimulator
		{6D08A5A4-EB6F-4CA8-B332-B72DA6EF05B3}.Release|iPhoneSimulator.Deploy.0 = Release|iPhoneSimulator
		{B107E7FB-AB10-452D-84AA-9B0D0FF98600}.Debug|Any CPU.ActiveCfg = Debug|Any CPU
		{B107E7FB-AB10-452D-84AA-9B0D0FF98600}.Debug|Any CPU.Build.0 = Debug|Any CPU
		{B107E7FB-AB10-452D-84AA-9B0D0FF98600}.Debug|Any CPU.Deploy.0 = Debug|Any CPU
		{B107E7FB-AB10-452D-84AA-9B0D0FF98600}.Debug|iPhone.ActiveCfg = Debug|Any CPU
		{B107E7FB-AB10-452D-84AA-9B0D0FF98600}.Debug|iPhone.Build.0 = Debug|Any CPU
		{B107E7FB-AB10-452D-84AA-9B0D0FF98600}.Debug|iPhone.Deploy.0 = Debug|Any CPU
		{B107E7FB-AB10-452D-84AA-9B0D0FF98600}.Debug|iPhoneSimulator.ActiveCfg = Debug|Any CPU
		{B107E7FB-AB10-452D-84AA-9B0D0FF98600}.Debug|iPhoneSimulator.Build.0 = Debug|Any CPU
		{B107E7FB-AB10-452D-84AA-9B0D0FF98600}.Debug|iPhoneSimulator.Deploy.0 = Debug|Any CPU
		{B107E7FB-AB10-452D-84AA-9B0D0FF98600}.Release|Any CPU.ActiveCfg = Release|Any CPU
		{B107E7FB-AB10-452D-84AA-9B0D0FF98600}.Release|Any CPU.Build.0 = Release|Any CPU
		{B107E7FB-AB10-452D-84AA-9B0D0FF98600}.Release|Any CPU.Deploy.0 = Release|Any CPU
		{B107E7FB-AB10-452D-84AA-9B0D0FF98600}.Release|iPhone.ActiveCfg = Release|Any CPU
		{B107E7FB-AB10-452D-84AA-9B0D0FF98600}.Release|iPhone.Build.0 = Release|Any CPU
		{B107E7FB-AB10-452D-84AA-9B0D0FF98600}.Release|iPhone.Deploy.0 = Release|Any CPU
		{B107E7FB-AB10-452D-84AA-9B0D0FF98600}.Release|iPhoneSimulator.ActiveCfg = Release|Any CPU
		{B107E7FB-AB10-452D-84AA-9B0D0FF98600}.Release|iPhoneSimulator.Build.0 = Release|Any CPU
		{B107E7FB-AB10-452D-84AA-9B0D0FF98600}.Release|iPhoneSimulator.Deploy.0 = Release|Any CPU
	EndGlobalSection
	GlobalSection(SolutionProperties) = preSolution
		HideSolutionNode = FALSE
	EndGlobalSection
	GlobalSection(ExtensibilityGlobals) = postSolution
		SolutionGuid = {CD776793-72E5-45C5-886A-274785855EE1}
	EndGlobalSection
EndGlobal
